
Microsoft Visual Studio Solution File, Format Version 12.00
# Visual Studio Version 17
VisualStudioVersion = 17.9.34728.123
MinimumVisualStudioVersion = 10.0.40219.1
Project("{FAE04EC0-301F-11D3-BF4B-00C04F79EFBC}") = "Lacos", "Lacos\Lacos.csproj", "{95D18A5E-5F0B-4F90-A985-51DB3CB67D30}"
EndProject
Global
	GlobalSection(SolutionConfigurationPlatforms) = preSolution
		Debug|Any CPU = Debug|Any CPU
		Release|Any CPU = Release|Any CPU
	EndGlobalSection
	GlobalSection(ProjectConfigurationPlatforms) = postSolution
		{95D18A5E-5F0B-4F90-A985-51DB3CB67D30}.Debug|Any CPU.ActiveCfg = Debug|Any CPU
		{95D18A5E-5F0B-4F90-A985-51DB3CB67D30}.Debug|Any CPU.Build.0 = Debug|Any CPU
		{95D18A5E-5F0B-4F90-A985-51DB3CB67D30}.Release|Any CPU.ActiveCfg = Release|Any CPU
		{95D18A5E-5F0B-4F90-A985-51DB3CB67D30}.Release|Any CPU.Build.0 = Release|Any CPU
	EndGlobalSection
	GlobalSection(SolutionProperties) = preSolution
		HideSolutionNode = FALSE
	EndGlobalSection
	GlobalSection(ExtensibilityGlobals) = postSolution
		SolutionGuid = {7E777AEF-4E8E-4EE4-BF8D-4168DEE3C89E}
	EndGlobalSection
EndGlobal
